
Microsoft Visual Studio Solution File, Format Version 12.00
# Visual Studio Version 17
VisualStudioVersion = 17.14.36811.4 d17.14
MinimumVisualStudioVersion = 10.0.40219.1
Project("{FAE04EC0-301F-11D3-BF4B-00C04F79EFBC}") = "KoboWorklist", "KoboWorklist\KoboWorklist.csproj", "{CD01D994-CBF5-492E-805F-2713177D176F}"
EndProject
Global
	GlobalSection(SolutionConfigurationPlatforms) = preSolution
		Debug|Any CPU = Debug|Any CPU
		Release|Any CPU = Release|Any CPU
	EndGlobalSection
	GlobalSection(ProjectConfigurationPlatforms) = postSolution
		{CD01D994-CBF5-492E-805F-2713177D176F}.Debug|Any CPU.ActiveCfg = Debug|Any CPU
		{CD01D994-CBF5-492E-805F-2713177D176F}.Debug|Any CPU.Build.0 = Debug|Any CPU
		{CD01D994-CBF5-492E-805F-2713177D176F}.Release|Any CPU.ActiveCfg = Release|Any CPU
		{CD01D994-CBF5-492E-805F-2713177D176F}.Release|Any CPU.Build.0 = Release|Any CPU
	EndGlobalSection
	GlobalSection(SolutionProperties) = preSolution
		HideSolutionNode = FALSE
	EndGlobalSection
	GlobalSection(ExtensibilityGlobals) = postSolution
		SolutionGuid = {3E641719-77AD-4C11-B3FF-6B2FF0B524AB}
	EndGlobalSection
EndGlobal
